
Microsoft Visual Studio Solution File, Format Version 12.00
# Visual Studio Version 16
VisualStudioVersion = 16.0.31729.503
MinimumVisualStudioVersion = 10.0.40219.1
Project("{FAE04EC0-301F-11D3-BF4B-00C04F79EFBC}") = "Happy Meat Farm", "Happy Meat Farm\Happy Meat Farm.csproj", "{1900C92F-6A65-4269-AEC6-739CF738D02E}"
EndProject
Global
	GlobalSection(SolutionConfigurationPlatforms) = preSolution
		Debug|Any CPU = Debug|Any CPU
		Release|Any CPU = Release|Any CPU
	EndGlobalSection
	GlobalSection(ProjectConfigurationPlatforms) = postSolution
		{1900C92F-6A65-4269-AEC6-739CF738D02E}.Debug|Any CPU.ActiveCfg = Debug|Any CPU
		{1900C92F-6A65-4269-AEC6-739CF738D02E}.Debug|Any CPU.Build.0 = Debug|Any CPU
		{1900C92F-6A65-4269-AEC6-739CF738D02E}.Release|Any CPU.ActiveCfg = Release|Any CPU
		{1900C92F-6A65-4269-AEC6-739CF738D02E}.Release|Any CPU.Build.0 = Release|Any CPU
	EndGlobalSection
	GlobalSection(SolutionProperties) = preSolution
		HideSolutionNode = FALSE
	EndGlobalSection
	GlobalSection(ExtensibilityGlobals) = postSolution
		SolutionGuid = {531502F2-1272-4D1B-836C-DADC1BF0E575}
	EndGlobalSection
	GlobalSection(MonoDevelopProperties) = preSolution
		Policies = $0
		$0.DotNetNamingPolicy = $1
		$1.DirectoryNamespaceAssociation = PrefixedHierarchical
	EndGlobalSection
EndGlobal
